// !$*UTF8*$!
{
	archiveVersion = 1;
	classes = {
	};
	objectVersion = 77;
	objects = {

/* Begin PBXBuildFile section */
		132D5BFE301DDEA500642852 /* Container+UseCases.swift in Sources */ = {isa = PBXBuildFile; fileRef = 132D5BFD301DDEA400642852 /* Container+UseCases.swift */; };
		132D5C00301DDECA00642852 /* Container+ViewModels.swift in Sources */ = {isa = PBXBuildFile; fileRef = 132D5BFF301DDEC700642852 /* Container+ViewModels.swift */; };
		132D5C03301DDFE900642852 /* Container+Core.swift in Sources */ = {isa = PBXBuildFile; fileRef = 132D5C02301DDFE400642852 /* Container+Core.swift */; };
		134B6F8330190AB50018AA69 /* Swinject in Frameworks */ = {isa = PBXBuildFile; productRef = 134B6F8230190AB50018AA69 /* Swinject */; };
		13A38771301D42240020E686 /* AppContainer.swift in Sources */ = {isa = PBXBuildFile; fileRef = 13A38770301D417C0020E686 /* AppContainer.swift */; };
/* End PBXBuildFile section */

/* Begin PBXContainerItemProxy section */
		134B6F64301909D70018AA69 /* PBXContainerItemProxy */ = {
			isa = PBXContainerItemProxy;
			containerPortal = 134B6F4C301909D60018AA69 /* Project object */;
			proxyType = 1;
			remoteGlobalIDString = 134B6F53301909D60018AA69;
			remoteInfo = iTrack;
		};
		134B6F6E301909D70018AA69 /* PBXContainerItemProxy */ = {
			isa = PBXContainerItemProxy;
			containerPortal = 134B6F4C301909D60018AA69 /* Project object */;
			proxyType = 1;
			remoteGlobalIDString = 134B6F53301909D60018AA69;
			remoteInfo = iTrack;
		};
/* End PBXContainerItemProxy section */

/* Begin PBXFileReference section */
		132D5BFD301DDEA400642852 /* Container+UseCases.swift */ = {isa = PBXFileReference; lastKnownFileType = sourcecode.swift; path = "Container+UseCases.swift"; sourceTree = "<group>"; };
		132D5BFF301DDEC700642852 /* Container+ViewModels.swift */ = {isa = PBXFileReference; lastKnownFileType = sourcecode.swift; path = "Container+ViewModels.swift"; sourceTree = "<group>"; };
		132D5C02301DDFE400642852 /* Container+Core.swift */ = {isa = PBXFileReference; lastKnownFileType = sourcecode.swift; path = "Container+Core.swift"; sourceTree = "<group>"; };
		134B6F54301909D60018AA69 /* iTrack.app */ = {isa = PBXFileReference; explicitFileType = wrapper.application; includeInIndex = 0; path = iTrack.app; sourceTree = BUILT_PRODUCTS_DIR; };
		134B6F63301909D70018AA69 /* iTrackTests.xctest */ = {isa = PBXFileReference; explicitFileType = wrapper.cfbundle; includeInIndex = 0; path = iTrackTests.xctest; sourceTree = BUILT_PRODUCTS_DIR; };
		134B6F6D301909D70018AA69 /* iTrackUITests.xctest */ = {isa = PBXFileReference; explicitFileType = wrapper.cfbundle; includeInIndex = 0; path = iTrackUITests.xctest; sourceTree = BUILT_PRODUCTS_DIR; };
		13A38770301D417C0020E686 /* AppContainer.swift */ = {isa = PBXFileReference; lastKnownFileType = sourcecode.swift; path = AppContainer.swift; sourceTree = "<group>"; };
/* End PBXFileReference section */

/* Begin PBXFileSystemSynchronizedBuildFileExceptionSet section */
		13010B8C301A8FF3007BA32B /* Exceptions for "iTrack" folder in "iTrack" target */ = {
			isa = PBXFileSystemSynchronizedBuildFileExceptionSet;
			membershipExceptions = (
				Info.plist,
			);
			target = 134B6F53301909D60018AA69 /* iTrack */;
		};
		13A38720301D3F1D0020E686 /* Exceptions for "Sensors" folder in "iTrack" target */ = {
			isa = PBXFileSystemSynchronizedBuildFileExceptionSet;
			membershipExceptions = (
				CoreMotionStepCounter.swift,
			);
			target = 134B6F53301909D60018AA69 /* iTrack */;
		};
		13A38721301D3F1D0020E686 /* Exceptions for "Service" folder in "iTrack" target */ = {
			isa = PBXFileSystemSynchronizedBuildFileExceptionSet;
			membershipExceptions = (
				CoreLocationService.swift,
				LocationTrackingMessage.swift,
			);
			target = 134B6F53301909D60018AA69 /* iTrack */;
		};
		13A38722301D3F1D0020E686 /* Exceptions for "SwiftData+Repo" folder in "iTrack" target */ = {
			isa = PBXFileSystemSynchronizedBuildFileExceptionSet;
			membershipExceptions = (
				SwiftDataLocationRepository.swift,
			);
			target = 134B6F53301909D60018AA69 /* iTrack */;
		};
		13A3873A301D3F2D0020E686 /* Exceptions for "Entities" folder in "iTrack" target */ = {
			isa = PBXFileSystemSynchronizedBuildFileExceptionSet;
			membershipExceptions = (
				LocationPoint.swift,
				Route.swift,
				TrackingMode.swift,
			);
			target = 134B6F53301909D60018AA69 /* iTrack */;
		};
		13A3873B301D3F2D0020E686 /* Exceptions for "Protocols" folder in "iTrack" target */ = {
			isa = PBXFileSystemSynchronizedBuildFileExceptionSet;
			membershipExceptions = (
				LocationRepository.swift,
				LocationTrackingEvent.swift,
				LocationTrackingService.swift,
				StepCounterService.swift,
			);
			target = 134B6F53301909D60018AA69 /* iTrack */;
		};
		13A3876A301D3F370020E686 /* Exceptions for "Constants" folder in "iTrack" target */ = {
			isa = PBXFileSystemSynchronizedBuildFileExceptionSet;
			membershipExceptions = (
				Labels.swift,
				sampleData.swift,
			);
			target = 134B6F53301909D60018AA69 /* iTrack */;
		};
		13A3876B301D3F370020E686 /* Exceptions for "Routes" folder in "iTrack" target */ = {
			isa = PBXFileSystemSynchronizedBuildFileExceptionSet;
			membershipExceptions = (
				Detail/Reusables/RouteInfoCardView.swift,
				Detail/Reusables/RouteMapView.swift,
				Detail/RouteDetailScreen.swift,
				ListScreen/LocationsListScreen.swift,
				ListScreen/LocationsListViewModel.swift,
				ListScreen/Reusables/EmptyListView.swift,
				ListScreen/Reusables/RouteRowView.swift,
			);
			target = 134B6F53301909D60018AA69 /* iTrack */;
		};
		13A3876C301D3F370020E686 /* Exceptions for "TrackLocationScreen" folder in "iTrack" target */ = {
			isa = PBXFileSystemSynchronizedBuildFileExceptionSet;
			membershipExceptions = (
				MainScreen.swift,
				MainViewModel.swift,
				Reusables/LastLocationSection.swift,
				Reusables/MiniTelemetryCard.swift,
				Reusables/StatusBadgeView.swift,
				Reusables/TrackButton.swift,
				TrackingEventReducer.swift,
				TrackingViewState.swift,
			);
			target = 134B6F53301909D60018AA69 /* iTrack */;
		};
/* End PBXFileSystemSynchronizedBuildFileExceptionSet section */

/* Begin PBXFileSystemSynchronizedRootGroup section */
		134B6F56301909D60018AA69 /* iTrack */ = {
			isa = PBXFileSystemSynchronizedRootGroup;
			exceptions = (
				13010B8C301A8FF3007BA32B /* Exceptions for "iTrack" folder in "iTrack" target */,
			);
			path = iTrack;
			sourceTree = "<group>";
		};
		134B6F66301909D70018AA69 /* iTrackTests */ = {
			isa = PBXFileSystemSynchronizedRootGroup;
			path = iTrackTests;
			sourceTree = "<group>";
		};
		134B6F70301909D70018AA69 /* iTrackUITests */ = {
			isa = PBXFileSystemSynchronizedRootGroup;
			path = iTrackUITests;
			sourceTree = "<group>";
		};
		13A38712301D3F1C0020E686 /* Models */ = {
			isa = PBXFileSystemSynchronizedRootGroup;
			path = Models;
			sourceTree = "<group>";
		};
		13A38714301D3F1C0020E686 /* Sensors */ = {
			isa = PBXFileSystemSynchronizedRootGroup;
			exceptions = (
				13A38720301D3F1D0020E686 /* Exceptions for "Sensors" folder in "iTrack" target */,
			);
			path = Sensors;
			sourceTree = "<group>";
		};
		13A38717301D3F1C0020E686 /* Service */ = {
			isa = PBXFileSystemSynchronizedRootGroup;
			exceptions = (
				13A38721301D3F1D0020E686 /* Exceptions for "Service" folder in "iTrack" target */,
			);
			path = Service;
			sourceTree = "<group>";
		};
		13A38719301D3F1C0020E686 /* SwiftData+Repo */ = {
			isa = PBXFileSystemSynchronizedRootGroup;
			exceptions = (
				13A38722301D3F1D0020E686 /* Exceptions for "SwiftData+Repo" folder in "iTrack" target */,
			);
			path = "SwiftData+Repo";
			sourceTree = "<group>";
		};
		13A38726301D3F2C0020E686 /* Entities */ = {
			isa = PBXFileSystemSynchronizedRootGroup;
			exceptions = (
				13A3873A301D3F2D0020E686 /* Exceptions for "Entities" folder in "iTrack" target */,
			);
			path = Entities;
			sourceTree = "<group>";
		};
		13A3872B301D3F2C0020E686 /* Protocols */ = {
			isa = PBXFileSystemSynchronizedRootGroup;
			exceptions = (
				13A3873B301D3F2D0020E686 /* Exceptions for "Protocols" folder in "iTrack" target */,
			);
			path = Protocols;
			sourceTree = "<group>";
		};
		13A3872F301D3F2C0020E686 /* UseCases */ = {
			isa = PBXFileSystemSynchronizedRootGroup;
			path = UseCases;
			sourceTree = "<group>";
		};
		13A3873E301D3F360020E686 /* Constants */ = {
			isa = PBXFileSystemSynchronizedRootGroup;
			exceptions = (
				13A3876A301D3F370020E686 /* Exceptions for "Constants" folder in "iTrack" target */,
			);
			path = Constants;
			sourceTree = "<group>";
		};
		13A38743301D3F360020E686 /* Helpers */ = {
			isa = PBXFileSystemSynchronizedRootGroup;
			path = Helpers;
			sourceTree = "<group>";
		};
		13A3874E301D3F360020E686 /* Routes */ = {
			isa = PBXFileSystemSynchronizedRootGroup;
			exceptions = (
				13A3876B301D3F370020E686 /* Exceptions for "Routes" folder in "iTrack" target */,
			);
			path = Routes;
			sourceTree = "<group>";
		};
		13A38756301D3F360020E686 /* TrackLocationScreen */ = {
			isa = PBXFileSystemSynchronizedRootGroup;
			exceptions = (
				13A3876C301D3F370020E686 /* Exceptions for "TrackLocationScreen" folder in "iTrack" target */,
			);
			path = TrackLocationScreen;
			sourceTree = "<group>";
		};
/* End PBXFileSystemSynchronizedRootGroup section */

/* Begin PBXFrameworksBuildPhase section */
		134B6F51301909D60018AA69 /* Frameworks */ = {
			isa = PBXFrameworksBuildPhase;
			buildActionMask = 2147483647;
			files = (
				134B6F8330190AB50018AA69 /* Swinject in Frameworks */,
			);
			runOnlyForDeploymentPostprocessing = 0;
		};
		134B6F60301909D70018AA69 /* Frameworks */ = {
			isa = PBXFrameworksBuildPhase;
			buildActionMask = 2147483647;
			files = (
			);
			runOnlyForDeploymentPostprocessing = 0;
		};
		134B6F6A301909D70018AA69 /* Frameworks */ = {
			isa = PBXFrameworksBuildPhase;
			buildActionMask = 2147483647;
			files = (
			);
			runOnlyForDeploymentPostprocessing = 0;
		};
/* End PBXFrameworksBuildPhase section */

/* Begin PBXGroup section */
		134B6F4B301909D60018AA69 = {
			isa = PBXGroup;
			children = (
				13A3870E301D3F0F0020E686 /* Core */,
				13A3870D301D3F080020E686 /* Presentation */,
				13A3870C301D3EFF0020E686 /* Domain */,
				13A3870B301D3EFA0020E686 /* Data */,
				134B6F56301909D60018AA69 /* iTrack */,
				134B6F66301909D70018AA69 /* iTrackTests */,
				134B6F70301909D70018AA69 /* iTrackUITests */,
				134B6F55301909D60018AA69 /* Products */,
			);
			sourceTree = "<group>";
		};
		134B6F55301909D60018AA69 /* Products */ = {
			isa = PBXGroup;
			children = (
				134B6F54301909D60018AA69 /* iTrack.app */,
				134B6F63301909D70018AA69 /* iTrackTests.xctest */,
				134B6F6D301909D70018AA69 /* iTrackUITests.xctest */,
			);
			name = Products;
			sourceTree = "<group>";
		};
		13A3870B301D3EFA0020E686 /* Data */ = {
			isa = PBXGroup;
			children = (
				13A38712301D3F1C0020E686 /* Models */,
				13A38714301D3F1C0020E686 /* Sensors */,
				13A38717301D3F1C0020E686 /* Service */,
				13A38719301D3F1C0020E686 /* SwiftData+Repo */,
			);
			path = Data;
			sourceTree = "<group>";
		};
		13A3870C301D3EFF0020E686 /* Domain */ = {
			isa = PBXGroup;
			children = (
				13A38726301D3F2C0020E686 /* Entities */,
				13A3872B301D3F2C0020E686 /* Protocols */,
				13A3872F301D3F2C0020E686 /* UseCases */,
			);
			path = Domain;
			sourceTree = "<group>";
		};
		13A3870D301D3F080020E686 /* Presentation */ = {
			isa = PBXGroup;
			children = (
				13A3873E301D3F360020E686 /* Constants */,
				13A38743301D3F360020E686 /* Helpers */,
				13A3874E301D3F360020E686 /* Routes */,
				13A38756301D3F360020E686 /* TrackLocationScreen */,
			);
			path = Presentation;
			sourceTree = "<group>";
		};
		13A3870E301D3F0F0020E686 /* Core */ = {
			isa = PBXGroup;
			children = (
				13A3870F301D3F130020E686 /* DI */,
			);
			path = Core;
			sourceTree = "<group>";
		};
		13A3870F301D3F130020E686 /* DI */ = {
			isa = PBXGroup;
			children = (
				132D5C02301DDFE400642852 /* Container+Core.swift */,
				132D5BFF301DDEC700642852 /* Container+ViewModels.swift */,
				132D5BFD301DDEA400642852 /* Container+UseCases.swift */,
				13A38770301D417C0020E686 /* AppContainer.swift */,
			);
			path = DI;
			sourceTree = "<group>";
		};
/* End PBXGroup section */

/* Begin PBXNativeTarget section */
		134B6F53301909D60018AA69 /* iTrack */ = {
			isa = PBXNativeTarget;
			buildConfigurationList = 134B6F77301909D70018AA69 /* Build configuration list for PBXNativeTarget "iTrack" */;
			buildPhases = (
				134B6F50301909D60018AA69 /* Sources */,
				134B6F51301909D60018AA69 /* Frameworks */,
				134B6F52301909D60018AA69 /* Resources */,
			);
			buildRules = (
			);
			dependencies = (
			);
			fileSystemSynchronizedGroups = (
				134B6F56301909D60018AA69 /* iTrack */,
				13A38712301D3F1C0020E686 /* Models */,
				13A3872F301D3F2C0020E686 /* UseCases */,
				13A38743301D3F360020E686 /* Helpers */,
			);
			name = iTrack;
			packageProductDependencies = (
				134B6F8230190AB50018AA69 /* Swinject */,
			);
			productName = iTrack;
			productReference = 134B6F54301909D60018AA69 /* iTrack.app */;
			productType = "com.apple.product-type.application";
		};
		134B6F62301909D70018AA69 /* iTrackTests */ = {
			isa = PBXNativeTarget;
			buildConfigurationList = 134B6F7A301909D70018AA69 /* Build configuration list for PBXNativeTarget "iTrackTests" */;
			buildPhases = (
				134B6F5F301909D70018AA69 /* Sources */,
				134B6F60301909D70018AA69 /* Frameworks */,
				134B6F61301909D70018AA69 /* Resources */,
			);
			buildRules = (
			);
			dependencies = (
				134B6F65301909D70018AA69 /* PBXTargetDependency */,
			);
			fileSystemSynchronizedGroups = (
				134B6F66301909D70018AA69 /* iTrackTests */,
			);
			name = iTrackTests;
			packageProductDependencies = (
			);
			productName = iTrackTests;
			productReference = 134B6F63301909D70018AA69 /* iTrackTests.xctest */;
			productType = "com.apple.product-type.bundle.unit-test";
		};
		134B6F6C301909D70018AA69 /* iTrackUITests */ = {
			isa = PBXNativeTarget;
			buildConfigurationList = 134B6F7D301909D70018AA69 /* Build configuration list for PBXNativeTarget "iTrackUITests" */;
			buildPhases = (
				134B6F69301909D70018AA69 /* Sources */,
				134B6F6A301909D70018AA69 /* Frameworks */,
				134B6F6B301909D70018AA69 /* Resources */,
			);
			buildRules = (
			);
			dependencies = (
				134B6F6F301909D70018AA69 /* PBXTargetDependency */,
			);
			fileSystemSynchronizedGroups = (
				134B6F70301909D70018AA69 /* iTrackUITests */,
			);
			name = iTrackUITests;
			packageProductDependencies = (
			);
			productName = iTrackUITests;
			productReference = 134B6F6D301909D70018AA69 /* iTrackUITests.xctest */;
			productType = "com.apple.product-type.bundle.ui-testing";
		};
/* End PBXNativeTarget section */

/* Begin PBXProject section */
		134B6F4C301909D60018AA69 /* Project object */ = {
			isa = PBXProject;
			attributes = {
				BuildIndependentTargetsInParallel = 1;
				LastSwiftUpdateCheck = 2660;
				LastUpgradeCheck = 2660;
				TargetAttributes = {
					134B6F53301909D60018AA69 = {
						CreatedOnToolsVersion = 26.6;
					};
					134B6F62301909D70018AA69 = {
						CreatedOnToolsVersion = 26.6;
						TestTargetID = 134B6F53301909D60018AA69;
					};
					134B6F6C301909D70018AA69 = {
						CreatedOnToolsVersion = 26.6;
						TestTargetID = 134B6F53301909D60018AA69;
					};
				};
			};
			buildConfigurationList = 134B6F4F301909D60018AA69 /* Build configuration list for PBXProject "iTrack" */;
			developmentRegion = en;
			hasScannedForEncodings = 0;
			knownRegions = (
				en,
				Base,
			);
			mainGroup = 134B6F4B301909D60018AA69;
			minimizedProjectReferenceProxies = 1;
			packageReferences = (
				134B6F8030190A4F0018AA69 /* XCRemoteSwiftPackageReference "SwiftFormat" */,
				134B6F8130190AB50018AA69 /* XCRemoteSwiftPackageReference "swinject" */,
			);
			preferredProjectObjectVersion = 77;
			productRefGroup = 134B6F55301909D60018AA69 /* Products */;
			projectDirPath = "";
			projectRoot = "";
			targets = (
				134B6F53301909D60018AA69 /* iTrack */,
				134B6F62301909D70018AA69 /* iTrackTests */,
				134B6F6C301909D70018AA69 /* iTrackUITests */,
			);
		};
/* End PBXProject section */

/* Begin PBXResourcesBuildPhase section */
		134B6F52301909D60018AA69 /* Resources */ = {
			isa = PBXResourcesBuildPhase;
			buildActionMask = 2147483647;
			files = (
			);
			runOnlyForDeploymentPostprocessing = 0;
		};
		134B6F61301909D70018AA69 /* Resources */ = {
			isa = PBXResourcesBuildPhase;
			buildActionMask = 2147483647;
			files = (
			);
			runOnlyForDeploymentPostprocessing = 0;
		};
		134B6F6B301909D70018AA69 /* Resources */ = {
			isa = PBXResourcesBuildPhase;
			buildActionMask = 2147483647;
			files = (
			);
			runOnlyForDeploymentPostprocessing = 0;
		};
/* End PBXResourcesBuildPhase section */

/* Begin PBXSourcesBuildPhase section */
		134B6F50301909D60018AA69 /* Sources */ = {
			isa = PBXSourcesBuildPhase;
			buildActionMask = 2147483647;
			files = (
				132D5C03301DDFE900642852 /* Container+Core.swift in Sources */,
				132D5C00301DDECA00642852 /* Container+ViewModels.swift in Sources */,
				13A38771301D42240020E686 /* AppContainer.swift in Sources */,
				132D5BFE301DDEA500642852 /* Container+UseCases.swift in Sources */,
			);
			runOnlyForDeploymentPostprocessing = 0;
		};
		134B6F5F301909D70018AA69 /* Sources */ = {
			isa = PBXSourcesBuildPhase;
			buildActionMask = 2147483647;
			files = (
			);
			runOnlyForDeploymentPostprocessing = 0;
		};
		134B6F69301909D70018AA69 /* Sources */ = {
			isa = PBXSourcesBuildPhase;
			buildActionMask = 2147483647;
			files = (
			);
			runOnlyForDeploymentPostprocessing = 0;
		};
/* End PBXSourcesBuildPhase section */

/* Begin PBXTargetDependency section */
		134B6F65301909D70018AA69 /* PBXTargetDependency */ = {
			isa = PBXTargetDependency;
			target = 134B6F53301909D60018AA69 /* iTrack */;
			targetProxy = 134B6F64301909D70018AA69 /* PBXContainerItemProxy */;
		};
		134B6F6F301909D70018AA69 /* PBXTargetDependency */ = {
			isa = PBXTargetDependency;
			target = 134B6F53301909D60018AA69 /* iTrack */;
			targetProxy = 134B6F6E301909D70018AA69 /* PBXContainerItemProxy */;
		};
/* End PBXTargetDependency section */

/* Begin XCBuildConfiguration section */
		134B6F75301909D70018AA69 /* Debug */ = {
			isa = XCBuildConfiguration;
			buildSettings = {
				ALWAYS_SEARCH_USER_PATHS = NO;
				ASSETCATALOG_COMPILER_GENERATE_SWIFT_ASSET_SYMBOL_EXTENSIONS = YES;
				CLANG_ANALYZER_NONNULL = YES;
				CLANG_ANALYZER_NUMBER_OBJECT_CONVERSION = YES_AGGRESSIVE;
				CLANG_CXX_LANGUAGE_STANDARD = "gnu++20";
				CLANG_ENABLE_MODULES = YES;
				CLANG_ENABLE_OBJC_ARC = YES;
				CLANG_ENABLE_OBJC_WEAK = YES;
				CLANG_WARN_BLOCK_CAPTURE_AUTORELEASING = YES;
				CLANG_WARN_BOOL_CONVERSION = YES;
				CLANG_WARN_COMMA = YES;
				CLANG_WARN_CONSTANT_CONVERSION = YES;
				CLANG_WARN_DEPRECATED_OBJC_IMPLEMENTATIONS = YES;
				CLANG_WARN_DIRECT_OBJC_ISA_USAGE = YES_ERROR;
				CLANG_WARN_DOCUMENTATION_COMMENTS = YES;
				CLANG_WARN_EMPTY_BODY = YES;
				CLANG_WARN_ENUM_CONVERSION = YES;
				CLANG_WARN_INFINITE_RECURSION = YES;
				CLANG_WARN_INT_CONVERSION = YES;
				CLANG_WARN_NON_LITERAL_NULL_CONVERSION = YES;
				CLANG_WARN_OBJC_IMPLICIT_RETAIN_SELF = YES;
				CLANG_WARN_OBJC_LITERAL_CONVERSION = YES;
				CLANG_WARN_OBJC_ROOT_CLASS = YES_ERROR;
				CLANG_WARN_QUOTED_INCLUDE_IN_FRAMEWORK_HEADER = YES;
				CLANG_WARN_RANGE_LOOP_ANALYSIS = YES;
				CLANG_WARN_STRICT_PROTOTYPES = YES;
				CLANG_WARN_SUSPICIOUS_MOVE = YES;
				CLANG_WARN_UNGUARDED_AVAILABILITY = YES_AGGRESSIVE;
				CLANG_WARN_UNREACHABLE_CODE = YES;
				CLANG_WARN__DUPLICATE_METHOD_MATCH = YES;
				COPY_PHASE_STRIP = NO;
				DEBUG_INFORMATION_FORMAT = dwarf;
				DEVELOPMENT_TEAM = 783CB32ZYY;
				ENABLE_STRICT_OBJC_MSGSEND = YES;
				ENABLE_TESTABILITY = YES;
				ENABLE_USER_SCRIPT_SANDBOXING = YES;
				GCC_C_LANGUAGE_STANDARD = gnu17;
				GCC_DYNAMIC_NO_PIC = NO;
				GCC_NO_COMMON_BLOCKS = YES;
				GCC_OPTIMIZATION_LEVEL = 0;
				GCC_PREPROCESSOR_DEFINITIONS = (
					"DEBUG=1",
					"$(inherited)",
				);
				GCC_WARN_64_TO_32_BIT_CONVERSION = YES;
				GCC_WARN_ABOUT_RETURN_TYPE = YES_ERROR;
				GCC_WARN_UNDECLARED_SELECTOR = YES;
				GCC_WARN_UNINITIALIZED_AUTOS = YES_AGGRESSIVE;
				GCC_WARN_UNUSED_FUNCTION = YES;
				GCC_WARN_UNUSED_VARIABLE = YES;
				IPHONEOS_DEPLOYMENT_TARGET = 26.5;
				LOCALIZATION_PREFERS_STRING_CATALOGS = YES;
				MTL_ENABLE_DEBUG_INFO = INCLUDE_SOURCE;
				MTL_FAST_MATH = YES;
				ONLY_ACTIVE_ARCH = YES;
				SDKROOT = iphoneos;
				SWIFT_ACTIVE_COMPILATION_CONDITIONS = "DEBUG $(inherited)";
				SWIFT_OPTIMIZATION_LEVEL = "-Onone";
			};
			name = Debug;
		};
		134B6F76301909D70018AA69 /* Release */ = {
			isa = XCBuildConfiguration;
			buildSettings = {
				ALWAYS_SEARCH_USER_PATHS = NO;
				ASSETCATALOG_COMPILER_GENERATE_SWIFT_ASSET_SYMBOL_EXTENSIONS = YES;
				CLANG_ANALYZER_NONNULL = YES;
				CLANG_ANALYZER_NUMBER_OBJECT_CONVERSION = YES_AGGRESSIVE;
				CLANG_CXX_LANGUAGE_STANDARD = "gnu++20";
				CLANG_ENABLE_MODULES = YES;
				CLANG_ENABLE_OBJC_ARC = YES;
				CLANG_ENABLE_OBJC_WEAK = YES;
				CLANG_WARN_BLOCK_CAPTURE_AUTORELEASING = YES;
				CLANG_WARN_BOOL_CONVERSION = YES;
				CLANG_WARN_COMMA = YES;
				CLANG_WARN_CONSTANT_CONVERSION = YES;
				CLANG_WARN_DEPRECATED_OBJC_IMPLEMENTATIONS = YES;
				CLANG_WARN_DIRECT_OBJC_ISA_USAGE = YES_ERROR;
				CLANG_WARN_DOCUMENTATION_COMMENTS = YES;
				CLANG_WARN_EMPTY_BODY = YES;
				CLANG_WARN_ENUM_CONVERSION = YES;
				CLANG_WARN_INFINITE_RECURSION = YES;
				CLANG_WARN_INT_CONVERSION = YES;
				CLANG_WARN_NON_LITERAL_NULL_CONVERSION = YES;
				CLANG_WARN_OBJC_IMPLICIT_RETAIN_SELF = YES;
				CLANG_WARN_OBJC_LITERAL_CONVERSION = YES;
				CLANG_WARN_OBJC_ROOT_CLASS = YES_ERROR;
				CLANG_WARN_QUOTED_INCLUDE_IN_FRAMEWORK_HEADER = YES;
				CLANG_WARN_RANGE_LOOP_ANALYSIS = YES;
				CLANG_WARN_STRICT_PROTOTYPES = YES;
				CLANG_WARN_SUSPICIOUS_MOVE = YES;
				CLANG_WARN_UNGUARDED_AVAILABILITY = YES_AGGRESSIVE;
				CLANG_WARN_UNREACHABLE_CODE = YES;
				CLANG_WARN__DUPLICATE_METHOD_MATCH = YES;
				COPY_PHASE_STRIP = NO;
				DEBUG_INFORMATION_FORMAT = "dwarf-with-dsym";
				DEVELOPMENT_TEAM = 783CB32ZYY;
				ENABLE_NS_ASSERTIONS = NO;
				ENABLE_STRICT_OBJC_MSGSEND = YES;
				ENABLE_USER_SCRIPT_SANDBOXING = YES;
				GCC_C_LANGUAGE_STANDARD = gnu17;
				GCC_NO_COMMON_BLOCKS = YES;
				GCC_WARN_64_TO_32_BIT_CONVERSION = YES;
				GCC_WARN_ABOUT_RETURN_TYPE = YES_ERROR;
				GCC_WARN_UNDECLARED_SELECTOR = YES;
				GCC_WARN_UNINITIALIZED_AUTOS = YES_AGGRESSIVE;
				GCC_WARN_UNUSED_FUNCTION = YES;
				GCC_WARN_UNUSED_VARIABLE = YES;
				IPHONEOS_DEPLOYMENT_TARGET = 26.5;
				LOCALIZATION_PREFERS_STRING_CATALOGS = YES;
				MTL_ENABLE_DEBUG_INFO = NO;
				MTL_FAST_MATH = YES;
				SDKROOT = iphoneos;
				SWIFT_COMPILATION_MODE = wholemodule;
				VALIDATE_PRODUCT = YES;
			};
			name = Release;
		};
		134B6F78301909D70018AA69 /* Debug */ = {
			isa = XCBuildConfiguration;
			buildSettings = {
				ASSETCATALOG_COMPILER_APPICON_NAME = AppIcon;
				ASSETCATALOG_COMPILER_GLOBAL_ACCENT_COLOR_NAME = AccentColor;
				CODE_SIGN_STYLE = Automatic;
				CURRENT_PROJECT_VERSION = 1;
				DEVELOPMENT_TEAM = 783CB32ZYY;
				ENABLE_PREVIEWS = YES;
				GENERATE_INFOPLIST_FILE = YES;
				INFOPLIST_FILE = iTrack/Info.plist;
				INFOPLIST_KEY_NSLocationAlwaysAndWhenInUseUsageDescription = "iTrack uses your location in the background to continue an active tracking session.";
				INFOPLIST_KEY_NSLocationWhenInUseUsageDescription = "iTrack uses your location while the app is open to record an active tracking session.";
				INFOPLIST_KEY_UIApplicationSceneManifest_Generation = YES;
				INFOPLIST_KEY_UIApplicationSupportsIndirectInputEvents = YES;
				INFOPLIST_KEY_UIBackgroundModes = location;
				INFOPLIST_KEY_UILaunchScreen_Generation = YES;
				INFOPLIST_KEY_UISupportedInterfaceOrientations_iPad = "UIInterfaceOrientationPortrait UIInterfaceOrientationPortraitUpsideDown UIInterfaceOrientationLandscapeLeft UIInterfaceOrientationLandscapeRight";
				INFOPLIST_KEY_UISupportedInterfaceOrientations_iPhone = "UIInterfaceOrientationPortrait UIInterfaceOrientationLandscapeLeft UIInterfaceOrientationLandscapeRight";
				LD_RUNPATH_SEARCH_PATHS = (
					"$(inherited)",
					"@executable_path/Frameworks",
				);
				MARKETING_VERSION = 1.0;
				PRODUCT_BUNDLE_IDENTIFIER = com.labs.iTrack;
				PRODUCT_NAME = "$(TARGET_NAME)";
				STRING_CATALOG_GENERATE_SYMBOLS = YES;
				SWIFT_APPROACHABLE_CONCURRENCY = YES;
				SWIFT_DEFAULT_ACTOR_ISOLATION = MainActor;
				SWIFT_EMIT_LOC_STRINGS = YES;
				SWIFT_UPCOMING_FEATURE_MEMBER_IMPORT_VISIBILITY = YES;
				SWIFT_VERSION = 5.0;
				TARGETED_DEVICE_FAMILY = "1,2";
			};
			name = Debug;
		};
		134B6F79301909D70018AA69 /* Release */ = {
			isa = XCBuildConfiguration;
			buildSettings = {
				ASSETCATALOG_COMPILER_APPICON_NAME = AppIcon;
				ASSETCATALOG_COMPILER_GLOBAL_ACCENT_COLOR_NAME = AccentColor;
				CODE_SIGN_STYLE = Automatic;
				CURRENT_PROJECT_VERSION = 1;
				DEVELOPMENT_TEAM = 783CB32ZYY;
				ENABLE_PREVIEWS = YES;
				GENERATE_INFOPLIST_FILE = YES;
				INFOPLIST_FILE = iTrack/Info.plist;
				INFOPLIST_KEY_NSLocationAlwaysAndWhenInUseUsageDescription = "iTrack uses your location in the background to continue an active tracking session.";
				INFOPLIST_KEY_NSLocationWhenInUseUsageDescription = "iTrack uses your location while the app is open to record an active tracking session.";
				INFOPLIST_KEY_UIApplicationSceneManifest_Generation = YES;
				INFOPLIST_KEY_UIApplicationSupportsIndirectInputEvents = YES;
				INFOPLIST_KEY_UIBackgroundModes = location;
				INFOPLIST_KEY_UILaunchScreen_Generation = YES;
				INFOPLIST_KEY_UISupportedInterfaceOrientations_iPad = "UIInterfaceOrientationPortrait UIInterfaceOrientationPortraitUpsideDown UIInterfaceOrientationLandscapeLeft UIInterfaceOrientationLandscapeRight";
				INFOPLIST_KEY_UISupportedInterfaceOrientations_iPhone = "UIInterfaceOrientationPortrait UIInterfaceOrientationLandscapeLeft UIInterfaceOrientationLandscapeRight";
				LD_RUNPATH_SEARCH_PATHS = (
					"$(inherited)",
					"@executable_path/Frameworks",
				);
				MARKETING_VERSION = 1.0;
				PRODUCT_BUNDLE_IDENTIFIER = com.labs.iTrack;
				PRODUCT_NAME = "$(TARGET_NAME)";
				STRING_CATALOG_GENERATE_SYMBOLS = YES;
				SWIFT_APPROACHABLE_CONCURRENCY = YES;
				SWIFT_DEFAULT_ACTOR_ISOLATION = MainActor;
				SWIFT_EMIT_LOC_STRINGS = YES;
				SWIFT_UPCOMING_FEATURE_MEMBER_IMPORT_VISIBILITY = YES;
				SWIFT_VERSION = 5.0;
				TARGETED_DEVICE_FAMILY = "1,2";
			};
			name = Release;
		};
		134B6F7B301909D70018AA69 /* Debug */ = {
			isa = XCBuildConfiguration;
			buildSettings = {
				BUNDLE_LOADER = "$(TEST_HOST)";
				CODE_SIGN_STYLE = Automatic;
				CURRENT_PROJECT_VERSION = 1;
				DEVELOPMENT_TEAM = 783CB32ZYY;
				GENERATE_INFOPLIST_FILE = YES;
				IPHONEOS_DEPLOYMENT_TARGET = 26.5;
				MARKETING_VERSION = 1.0;
				PRODUCT_BUNDLE_IDENTIFIER = com.labs.iTrackTests;
				PRODUCT_NAME = "$(TARGET_NAME)";
				STRING_CATALOG_GENERATE_SYMBOLS = NO;
				SWIFT_APPROACHABLE_CONCURRENCY = YES;
				SWIFT_EMIT_LOC_STRINGS = NO;
				SWIFT_UPCOMING_FEATURE_MEMBER_IMPORT_VISIBILITY = YES;
				SWIFT_VERSION = 5.0;
				TARGETED_DEVICE_FAMILY = "1,2";
				TEST_HOST = "$(BUILT_PRODUCTS_DIR)/iTrack.app/$(BUNDLE_EXECUTABLE_FOLDER_PATH)/iTrack";
			};
			name = Debug;
		};
		134B6F7C301909D70018AA69 /* Release */ = {
			isa = XCBuildConfiguration;
			buildSettings = {
				BUNDLE_LOADER = "$(TEST_HOST)";
				CODE_SIGN_STYLE = Automatic;
				CURRENT_PROJECT_VERSION = 1;
				DEVELOPMENT_TEAM = 783CB32ZYY;
				GENERATE_INFOPLIST_FILE = YES;
				IPHONEOS_DEPLOYMENT_TARGET = 26.5;
				MARKETING_VERSION = 1.0;
				PRODUCT_BUNDLE_IDENTIFIER = com.labs.iTrackTests;
				PRODUCT_NAME = "$(TARGET_NAME)";
				STRING_CATALOG_GENERATE_SYMBOLS = NO;
				SWIFT_APPROACHABLE_CONCURRENCY = YES;
				SWIFT_EMIT_LOC_STRINGS = NO;
				SWIFT_UPCOMING_FEATURE_MEMBER_IMPORT_VISIBILITY = YES;
				SWIFT_VERSION = 5.0;
				TARGETED_DEVICE_FAMILY = "1,2";
				TEST_HOST = "$(BUILT_PRODUCTS_DIR)/iTrack.app/$(BUNDLE_EXECUTABLE_FOLDER_PATH)/iTrack";
			};
			name = Release;
		};
		134B6F7E301909D70018AA69 /* Debug */ = {
			isa = XCBuildConfiguration;
			buildSettings = {
				CODE_SIGN_STYLE = Automatic;
				CURRENT_PROJECT_VERSION = 1;
				DEVELOPMENT_TEAM = 783CB32ZYY;
				GENERATE_INFOPLIST_FILE = YES;
				MARKETING_VERSION = 1.0;
				PRODUCT_BUNDLE_IDENTIFIER = com.labs.iTrackUITests;
				PRODUCT_NAME = "$(TARGET_NAME)";
				STRING_CATALOG_GENERATE_SYMBOLS = NO;
				SWIFT_APPROACHABLE_CONCURRENCY = YES;
				SWIFT_EMIT_LOC_STRINGS = NO;
				SWIFT_UPCOMING_FEATURE_MEMBER_IMPORT_VISIBILITY = YES;
				SWIFT_VERSION = 5.0;
				TARGETED_DEVICE_FAMILY = "1,2";
				TEST_TARGET_NAME = iTrack;
			};
			name = Debug;
		};
		134B6F7F301909D70018AA69 /* Release */ = {
			isa = XCBuildConfiguration;
			buildSettings = {
				CODE_SIGN_STYLE = Automatic;
				CURRENT_PROJECT_VERSION = 1;
				DEVELOPMENT_TEAM = 783CB32ZYY;
				GENERATE_INFOPLIST_FILE = YES;
				MARKETING_VERSION = 1.0;
				PRODUCT_BUNDLE_IDENTIFIER = com.labs.iTrackUITests;
				PRODUCT_NAME = "$(TARGET_NAME)";
				STRING_CATALOG_GENERATE_SYMBOLS = NO;
				SWIFT_APPROACHABLE_CONCURRENCY = YES;
				SWIFT_EMIT_LOC_STRINGS = NO;
				SWIFT_UPCOMING_FEATURE_MEMBER_IMPORT_VISIBILITY = YES;
				SWIFT_VERSION = 5.0;
				TARGETED_DEVICE_FAMILY = "1,2";
				TEST_TARGET_NAME = iTrack;
			};
			name = Release;
		};
/* End XCBuildConfiguration section */

/* Begin XCConfigurationList section */
		134B6F4F301909D60018AA69 /* Build configuration list for PBXProject "iTrack" */ = {
			isa = XCConfigurationList;
			buildConfigurations = (
				134B6F75301909D70018AA69 /* Debug */,
				134B6F76301909D70018AA69 /* Release */,
			);
			defaultConfigurationIsVisible = 0;
			defaultConfigurationName = Release;
		};
		134B6F77301909D70018AA69 /* Build configuration list for PBXNativeTarget "iTrack" */ = {
			isa = XCConfigurationList;
			buildConfigurations = (
				134B6F78301909D70018AA69 /* Debug */,
				134B6F79301909D70018AA69 /* Release */,
			);
			defaultConfigurationIsVisible = 0;
			defaultConfigurationName = Release;
		};
		134B6F7A301909D70018AA69 /* Build configuration list for PBXNativeTarget "iTrackTests" */ = {
			isa = XCConfigurationList;
			buildConfigurations = (
				134B6F7B301909D70018AA69 /* Debug */,
				134B6F7C301909D70018AA69 /* Release */,
			);
			defaultConfigurationIsVisible = 0;
			defaultConfigurationName = Release;
		};
		134B6F7D301909D70018AA69 /* Build configuration list for PBXNativeTarget "iTrackUITests" */ = {
			isa = XCConfigurationList;
			buildConfigurations = (
				134B6F7E301909D70018AA69 /* Debug */,
				134B6F7F301909D70018AA69 /* Release */,
			);
			defaultConfigurationIsVisible = 0;
			defaultConfigurationName = Release;
		};
/* End XCConfigurationList section */

/* Begin XCRemoteSwiftPackageReference section */
		134B6F8030190A4F0018AA69 /* XCRemoteSwiftPackageReference "SwiftFormat" */ = {
			isa = XCRemoteSwiftPackageReference;
			repositoryURL = "https://github.com/nicklockwood/SwiftFormat";
			requirement = {
				kind = upToNextMajorVersion;
				minimumVersion = 0.62.1;
			};
		};
		134B6F8130190AB50018AA69 /* XCRemoteSwiftPackageReference "swinject" */ = {
			isa = XCRemoteSwiftPackageReference;
			repositoryURL = "https://github.com/swinject/swinject";
			requirement = {
				kind = upToNextMajorVersion;
				minimumVersion = 2.10.0;
			};
		};
/* End XCRemoteSwiftPackageReference section */

/* Begin XCSwiftPackageProductDependency section */
		134B6F8230190AB50018AA69 /* Swinject */ = {
			isa = XCSwiftPackageProductDependency;
			package = 134B6F8130190AB50018AA69 /* XCRemoteSwiftPackageReference "swinject" */;
			productName = Swinject;
		};
/* End XCSwiftPackageProductDependency section */
	};
	rootObject = 134B6F4C301909D60018AA69 /* Project object */;
}
